
Microsoft Visual Studio Solution File, Format Version 12.00
# Visual Studio 2012
Project("{F184B08F-C81C-45F6-A57F-5ABD9991F28F}") = "RateManagerCss", "RateManagerCss\RateManagerCss.vbproj", "{7EA5E769-494C-4457-A350-1C214B205956}"
EndProject
Project("{2150E333-8FDC-42A3-9474-1A3956D46DE8}") = ".nuget", ".nuget", "{764D53DB-A515-4AD1-8AC0-902EF9A66A8D}"
	ProjectSection(SolutionItems) = preProject
		.nuget\packages.config = .nuget\packages.config
	EndProjectSection
EndProject
Project("{FAE04EC0-301F-11D3-BF4B-00C04F79EFBC}") = "RatesAndAvailability", "FaresAndInventory\RatesAndAvailability.csproj", "{8D4C57B7-1AF8-4488-947A-D0F9CF615C26}"
EndProject
Global
	GlobalSection(SolutionConfigurationPlatforms) = preSolution
		Debug|Any CPU = Debug|Any CPU
		Release|Any CPU = Release|Any CPU
	EndGlobalSection
	GlobalSection(ProjectConfigurationPlatforms) = postSolution
		{7EA5E769-494C-4457-A350-1C214B205956}.Debug|Any CPU.ActiveCfg = Debug|Any CPU
		{7EA5E769-494C-4457-A350-1C214B205956}.Debug|Any CPU.Build.0 = Debug|Any CPU
		{7EA5E769-494C-4457-A350-1C214B205956}.Release|Any CPU.ActiveCfg = Release|Any CPU
		{7EA5E769-494C-4457-A350-1C214B205956}.Release|Any CPU.Build.0 = Release|Any CPU
		{8D4C57B7-1AF8-4488-947A-D0F9CF615C26}.Debug|Any CPU.ActiveCfg = Debug|Any CPU
		{8D4C57B7-1AF8-4488-947A-D0F9CF615C26}.Debug|Any CPU.Build.0 = Debug|Any CPU
		{8D4C57B7-1AF8-4488-947A-D0F9CF615C26}.Release|Any CPU.ActiveCfg = Release|Any CPU
		{8D4C57B7-1AF8-4488-947A-D0F9CF615C26}.Release|Any CPU.Build.0 = Release|Any CPU
	EndGlobalSection
	GlobalSection(SolutionProperties) = preSolution
		HideSolutionNode = FALSE
	EndGlobalSection
EndGlobal
